
Microsoft Visual Studio Solution File, Format Version 12.00
# Visual Studio Version 16
VisualStudioVersion = 16.0.32407.337
MinimumVisualStudioVersion = 10.0.40219.1
Project("{FAE04EC0-301F-11D3-BF4B-00C04F79EFBC}") = "API_Example", "API_Example.csproj", "{65EC95B4-F9B7-43C8-AF39-91FF95F6EA19}"
EndProject
Global
	GlobalSection(SolutionConfigurationPlatforms) = preSolution
		Debug|Any CPU = Debug|Any CPU
		Release|Any CPU = Release|Any CPU
	EndGlobalSection
	GlobalSection(ProjectConfigurationPlatforms) = postSolution
		{65EC95B4-F9B7-43C8-AF39-91FF95F6EA19}.Debug|Any CPU.ActiveCfg = Debug|Any CPU
		{65EC95B4-F9B7-43C8-AF39-91FF95F6EA19}.Debug|Any CPU.Build.0 = Debug|Any CPU
		{65EC95B4-F9B7-43C8-AF39-91FF95F6EA19}.Release|Any CPU.ActiveCfg = Release|Any CPU
		{65EC95B4-F9B7-43C8-AF39-91FF95F6EA19}.Release|Any CPU.Build.0 = Release|Any CPU
	EndGlobalSection
	GlobalSection(SolutionProperties) = preSolution
		HideSolutionNode = FALSE
	EndGlobalSection
	GlobalSection(ExtensibilityGlobals) = postSolution
		SolutionGuid = {57D251D0-16B1-4CAA-92BA-2A85DA990410}
	EndGlobalSection
EndGlobal
